
Microsoft Visual Studio Solution File, Format Version 12.00
# Visual Studio 15
VisualStudioVersion = 15.0.28010.2036
MinimumVisualStudioVersion = 10.0.40219.1
Project("{9A19103F-16F7-4668-BE54-9A1E7A4F7556}") = "SIS.WebServer", "SIS.WebServer\SIS.WebServer.csproj", "{6A900FCC-840C-45D0-A24D-95E527CF7A4D}"
EndProject
Project("{9A19103F-16F7-4668-BE54-9A1E7A4F7556}") = "SIS.HTTP", "SIS.HTTP\SIS.HTTP.csproj", "{5F733B81-871B-4CF5-A96C-EA1D2FAD75C5}"
EndProject
Project("{9A19103F-16F7-4668-BE54-9A1E7A4F7556}") = "SIS.Demo", "SIS.Demo\SIS.Demo.csproj", "{81F4F700-83E6-4443-8E91-790FF64E6F74}"
EndProject
Project("{9A19103F-16F7-4668-BE54-9A1E7A4F7556}") = "SIS.Tests", "SIS.Tests\SIS.Tests.csproj", "{137A89CB-E696-4CE0-8EF1-5D3F6B4535D7}"
EndProject
Project("{9A19103F-16F7-4668-BE54-9A1E7A4F7556}") = "IRunes.WebApp", "IRunes.WebApp\IRunes.WebApp.csproj", "{08C60FE4-2F81-4544-A55D-B0C5DBCA57C7}"
EndProject
Project("{2150E333-8FDC-42A3-9474-1A3956D46DE8}") = "Apps", "Apps", "{D8D01612-B97D-47B3-B4F8-CEB828DABC95}"
EndProject
Project("{9A19103F-16F7-4668-BE54-9A1E7A4F7556}") = "Cakes.WebApp", "Cakes.WebApp\Cakes.WebApp.csproj", "{3F921DE6-33E3-4434-BFCC-F475A314F6B5}"
EndProject
Project("{FAE04EC0-301F-11D3-BF4B-00C04F79EFBC}") = "SIS.MvcFramework", "SIS.MvcFramework\SIS.MvcFramework.csproj", "{9C2E89C0-EAA9-4F06-BB10-E70D23369FF6}"
EndProject
Global
	GlobalSection(SolutionConfigurationPlatforms) = preSolution
		Debug|Any CPU = Debug|Any CPU
		Release|Any CPU = Release|Any CPU
	EndGlobalSection
	GlobalSection(ProjectConfigurationPlatforms) = postSolution
		{6A900FCC-840C-45D0-A24D-95E527CF7A4D}.Debug|Any CPU.ActiveCfg = Debug|Any CPU
		{6A900FCC-840C-45D0-A24D-95E527CF7A4D}.Debug|Any CPU.Build.0 = Debug|Any CPU
		{6A900FCC-840C-45D0-A24D-95E527CF7A4D}.Release|Any CPU.ActiveCfg = Release|Any CPU
		{6A900FCC-840C-45D0-A24D-95E527CF7A4D}.Release|Any CPU.Build.0 = Release|Any CPU
		{5F733B81-871B-4CF5-A96C-EA1D2FAD75C5}.Debug|Any CPU.ActiveCfg = Debug|Any CPU
		{5F733B81-871B-4CF5-A96C-EA1D2FAD75C5}.Debug|Any CPU.Build.0 = Debug|Any CPU
		{5F733B81-871B-4CF5-A96C-EA1D2FAD75C5}.Release|Any CPU.ActiveCfg = Release|Any CPU
		{5F733B81-871B-4CF5-A96C-EA1D2FAD75C5}.Release|Any CPU.Build.0 = Release|Any CPU
		{81F4F700-83E6-4443-8E91-790FF64E6F74}.Debug|Any CPU.ActiveCfg = Debug|Any CPU
		{81F4F700-83E6-4443-8E91-790FF64E6F74}.Debug|Any CPU.Build.0 = Debug|Any CPU
		{81F4F700-83E6-4443-8E91-790FF64E6F74}.Release|Any CPU.ActiveCfg = Release|Any CPU
		{81F4F700-83E6-4443-8E91-790FF64E6F74}.Release|Any CPU.Build.0 = Release|Any CPU
		{137A89CB-E696-4CE0-8EF1-5D3F6B4535D7}.Debug|Any CPU.ActiveCfg = Debug|Any CPU
		{137A89CB-E696-4CE0-8EF1-5D3F6B4535D7}.Debug|Any CPU.Build.0 = Debug|Any CPU
		{137A89CB-E696-4CE0-8EF1-5D3F6B4535D7}.Release|Any CPU.ActiveCfg = Release|Any CPU
		{137A89CB-E696-4CE0-8EF1-5D3F6B4535D7}.Release|Any CPU.Build.0 = Release|Any CPU
		{08C60FE4-2F81-4544-A55D-B0C5DBCA57C7}.Debug|Any CPU.ActiveCfg = Debug|Any CPU
		{08C60FE4-2F81-4544-A55D-B0C5DBCA57C7}.Debug|Any CPU.Build.0 = Debug|Any CPU
		{08C60FE4-2F81-4544-A55D-B0C5DBCA57C7}.Release|Any CPU.ActiveCfg = Release|Any CPU
		{08C60FE4-2F81-4544-A55D-B0C5DBCA57C7}.Release|Any CPU.Build.0 = Release|Any CPU
		{3F921DE6-33E3-4434-BFCC-F475A314F6B5}.Debug|Any CPU.ActiveCfg = Debug|Any CPU
		{3F921DE6-33E3-4434-BFCC-F475A314F6B5}.Debug|Any CPU.Build.0 = Debug|Any CPU
		{3F921DE6-33E3-4434-BFCC-F475A314F6B5}.Release|Any CPU.ActiveCfg = Release|Any CPU
		{3F921DE6-33E3-4434-BFCC-F475A314F6B5}.Release|Any CPU.Build.0 = Release|Any CPU
		{9C2E89C0-EAA9-4F06-BB10-E70D23369FF6}.Debug|Any CPU.ActiveCfg = Debug|Any CPU
		{9C2E89C0-EAA9-4F06-BB10-E70D23369FF6}.Debug|Any CPU.Build.0 = Debug|Any CPU
		{9C2E89C0-EAA9-4F06-BB10-E70D23369FF6}.Release|Any CPU.ActiveCfg = Release|Any CPU
		{9C2E89C0-EAA9-4F06-BB10-E70D23369FF6}.Release|Any CPU.Build.0 = Release|Any CPU
	EndGlobalSection
	GlobalSection(SolutionProperties) = preSolution
		HideSolutionNode = FALSE
	EndGlobalSection
	GlobalSection(NestedProjects) = preSolution
		{08C60FE4-2F81-4544-A55D-B0C5DBCA57C7} = {D8D01612-B97D-47B3-B4F8-CEB828DABC95}
		{3F921DE6-33E3-4434-BFCC-F475A314F6B5} = {D8D01612-B97D-47B3-B4F8-CEB828DABC95}
	EndGlobalSection
	GlobalSection(ExtensibilityGlobals) = postSolution
		SolutionGuid = {C62A4F53-19EA-403B-9EF6-0495805134F9}
	EndGlobalSection
EndGlobal
